
Microsoft Visual Studio Solution File, Format Version 12.00
# Visual Studio 14
VisualStudioVersion = 14.0.25420.1
MinimumVisualStudioVersion = 10.0.40219.1
Project("{8BC9CEB8-8B4A-11D0-8D11-00A0C91BC942}") = "TwoWeekLab-1.21", "TwoWeekLab-1.21\TwoWeekLab-1.21.vcxproj", "{22FB558C-5118-4257-B226-1EE45F33A526}"
EndProject
Project("{8BC9CEB8-8B4A-11D0-8D11-00A0C91BC942}") = "TwoWeekLab-1.28", "TwoWeekLab-1.28\TwoWeekLab-1.28.vcxproj", "{0F911235-E676-44DB-B77D-676459A50C40}"
EndProject
Project("{8BC9CEB8-8B4A-11D0-8D11-00A0C91BC942}") = "TwoWeekLab-1.30", "TwoWeekLab-1.30\TwoWeekLab-1.30.vcxproj", "{5C609486-877D-4FCB-9255-7FE84E051716}"
EndProject
Project("{8BC9CEB8-8B4A-11D0-8D11-00A0C91BC942}") = "TwoWeekLab-2", "TwoWeekLab-2\TwoWeekLab-2.vcxproj", "{C20AA81A-47B2-47AF-AA6F-D80BFA9EB405}"
EndProject
Project("{8BC9CEB8-8B4A-11D0-8D11-00A0C91BC942}") = "Graphic editor", "Graphic editor\Graphic editor.vcxproj", "{7350B417-86B9-4F40-A795-5DA67BDAFD7F}"
EndProject
Project("{8BC9CEB8-8B4A-11D0-8D11-00A0C91BC942}") = "TwoWeekLab-3.1", "TwoWeekLab-3.1\TwoWeekLab-3.1.vcxproj", "{4BC08A09-6FE6-4B25-8480-1C50C2DDB0B8}"
EndProject
Project("{8BC9CEB8-8B4A-11D0-8D11-00A0C91BC942}") = "TwoWeekLab-3.2", "TwoWeekLab-3.2\TwoWeekLab-3.2.vcxproj", "{D11F5241-F381-4B61-996F-0BC514EBD50A}"
EndProject
Project("{8BC9CEB8-8B4A-11D0-8D11-00A0C91BC942}") = "TwoWeekLab-3.3", "TwoWeekLab-3.3\TwoWeekLab-3.3.vcxproj", "{CB0D69D0-D653-47E5-A7B1-D2AFC5596086}"
EndProject
Project("{8BC9CEB8-8B4A-11D0-8D11-00A0C91BC942}") = "TwoWeekLab-4.1", "TwoWeekLab-4.1\TwoWeekLab-4.1.vcxproj", "{9E035C64-3035-442F-A45D-3F7CBE444CA6}"
EndProject
Project("{8BC9CEB8-8B4A-11D0-8D11-00A0C91BC942}") = "TwoWeekLab-4.2", "TwoWeekLab-4.2\TwoWeekLab-4.2.vcxproj", "{3BA1A5EE-E59D-43BB-B278-1E84458B1EE2}"
EndProject
Project("{8BC9CEB8-8B4A-11D0-8D11-00A0C91BC942}") = "TwoWeekLab-5.1", "TwoWeekLab-5.1\TwoWeekLab-5.1.vcxproj", "{8F835F18-30B4-4789-B2DB-AFFEBEB69F13}"
EndProject
Project("{8BC9CEB8-8B4A-11D0-8D11-00A0C91BC942}") = "TwoWeekLab-5.2", "TwoWeekLab-5.2\TwoWeekLab-5.2.vcxproj", "{E5C90629-AA74-48A4-9621-26B7E31F085C}"
EndProject
Project("{8BC9CEB8-8B4A-11D0-8D11-00A0C91BC942}") = "ThreeWeekLab-1", "ThreeWeekLab-1\ThreeWeekLab-1.vcxproj", "{687CE6CA-74AB-4163-AE1A-8BB5FE125376}"
EndProject
Project("{8BC9CEB8-8B4A-11D0-8D11-00A0C91BC942}") = "ThreeWeekLab-2", "ThreeWeekLab-2\ThreeWeekLab-2.vcxproj", "{D1AF0354-F615-4E35-940F-3E44290762DA}"
EndProject
Project("{8BC9CEB8-8B4A-11D0-8D11-00A0C91BC942}") = "ThreeWeekLab-3", "ThreeWeekLab-3\ThreeWeekLab-3.vcxproj", "{CBBCFE53-6812-4AB1-B014-07C2CA1AD637}"
EndProject
Project("{8BC9CEB8-8B4A-11D0-8D11-00A0C91BC942}") = "ThreeWeekLab-4", "ThreeWeekLab-4\ThreeWeekLab-4.vcxproj", "{CEF1799E-37EA-4A3D-A8F6-91369AB34F28}"
EndProject
Global
	GlobalSection(SolutionConfigurationPlatforms) = preSolution
		Debug|x64 = Debug|x64
		Debug|x86 = Debug|x86
		Release|x64 = Release|x64
		Release|x86 = Release|x86
	EndGlobalSection
	GlobalSection(ProjectConfigurationPlatforms) = postSolution
		{22FB558C-5118-4257-B226-1EE45F33A526}.Debug|x64.ActiveCfg = Debug|x64
		{22FB558C-5118-4257-B226-1EE45F33A526}.Debug|x64.Build.0 = Debug|x64
		{22FB558C-5118-4257-B226-1EE45F33A526}.Debug|x86.ActiveCfg = Debug|Win32
		{22FB558C-5118-4257-B226-1EE45F33A526}.Debug|x86.Build.0 = Debug|Win32
		{22FB558C-5118-4257-B226-1EE45F33A526}.Release|x64.ActiveCfg = Release|x64
		{22FB558C-5118-4257-B226-1EE45F33A526}.Release|x64.Build.0 = Release|x64
		{22FB558C-5118-4257-B226-1EE45F33A526}.Release|x86.ActiveCfg = Release|Win32
		{22FB558C-5118-4257-B226-1EE45F33A526}.Release|x86.Build.0 = Release|Win32
		{0F911235-E676-44DB-B77D-676459A50C40}.Debug|x64.ActiveCfg = Debug|x64
		{0F911235-E676-44DB-B77D-676459A50C40}.Debug|x64.Build.0 = Debug|x64
		{0F911235-E676-44DB-B77D-676459A50C40}.Debug|x86.ActiveCfg = Debug|Win32
		{0F911235-E676-44DB-B77D-676459A50C40}.Debug|x86.Build.0 = Debug|Win32
		{0F911235-E676-44DB-B77D-676459A50C40}.Release|x64.ActiveCfg = Release|x64
		{0F911235-E676-44DB-B77D-676459A50C40}.Release|x64.Build.0 = Release|x64
		{0F911235-E676-44DB-B77D-676459A50C40}.Release|x86.ActiveCfg = Release|Win32
		{0F911235-E676-44DB-B77D-676459A50C40}.Release|x86.Build.0 = Release|Win32
		{5C609486-877D-4FCB-9255-7FE84E051716}.Debug|x64.ActiveCfg = Debug|x64
		{5C609486-877D-4FCB-9255-7FE84E051716}.Debug|x64.Build.0 = Debug|x64
		{5C609486-877D-4FCB-9255-7FE84E051716}.Debug|x86.ActiveCfg = Debug|Win32
		{5C609486-877D-4FCB-9255-7FE84E051716}.Debug|x86.Build.0 = Debug|Win32
		{5C609486-877D-4FCB-9255-7FE84E051716}.Release|x64.ActiveCfg = Release|x64
		{5C609486-877D-4FCB-9255-7FE84E051716}.Release|x64.Build.0 = Release|x64
		{5C609486-877D-4FCB-9255-7FE84E051716}.Release|x86.ActiveCfg = Release|Win32
		{5C609486-877D-4FCB-9255-7FE84E051716}.Release|x86.Build.0 = Release|Win32
		{C20AA81A-47B2-47AF-AA6F-D80BFA9EB405}.Debug|x64.ActiveCfg = Debug|x64
		{C20AA81A-47B2-47AF-AA6F-D80BFA9EB405}.Debug|x64.Build.0 = Debug|x64
		{C20AA81A-47B2-47AF-AA6F-D80BFA9EB405}.Debug|x86.ActiveCfg = Debug|Win32
		{C20AA81A-47B2-47AF-AA6F-D80BFA9EB405}.Debug|x86.Build.0 = Debug|Win32
		{C20AA81A-47B2-47AF-AA6F-D80BFA9EB405}.Release|x64.ActiveCfg = Release|x64
		{C20AA81A-47B2-47AF-AA6F-D80BFA9EB405}.Release|x64.Build.0 = Release|x64
		{C20AA81A-47B2-47AF-AA6F-D80BFA9EB405}.Release|x86.ActiveCfg = Release|Win32
		{C20AA81A-47B2-47AF-AA6F-D80BFA9EB405}.Release|x86.Build.0 = Release|Win32
		{7350B417-86B9-4F40-A795-5DA67BDAFD7F}.Debug|x64.ActiveCfg = Debug|Win32
		{7350B417-86B9-4F40-A795-5DA67BDAFD7F}.Debug|x86.ActiveCfg = Debug|Win32
		{7350B417-86B9-4F40-A795-5DA67BDAFD7F}.Debug|x86.Build.0 = Debug|Win32
		{7350B417-86B9-4F40-A795-5DA67BDAFD7F}.Release|x64.ActiveCfg = Release|Win32
		{7350B417-86B9-4F40-A795-5DA67BDAFD7F}.Release|x86.ActiveCfg = Release|Win32
		{7350B417-86B9-4F40-A795-5DA67BDAFD7F}.Release|x86.Build.0 = Release|Win32
		{4BC08A09-6FE6-4B25-8480-1C50C2DDB0B8}.Debug|x64.ActiveCfg = Debug|x64
		{4BC08A09-6FE6-4B25-8480-1C50C2DDB0B8}.Debug|x64.Build.0 = Debug|x64
		{4BC08A09-6FE6-4B25-8480-1C50C2DDB0B8}.Debug|x86.ActiveCfg = Debug|Win32
		{4BC08A09-6FE6-4B25-8480-1C50C2DDB0B8}.Debug|x86.Build.0 = Debug|Win32
		{4BC08A09-6FE6-4B25-8480-1C50C2DDB0B8}.Release|x64.ActiveCfg = Release|x64
		{4BC08A09-6FE6-4B25-8480-1C50C2DDB0B8}.Release|x64.Build.0 = Release|x64
		{4BC08A09-6FE6-4B25-8480-1C50C2DDB0B8}.Release|x86.ActiveCfg = Release|Win32
		{4BC08A09-6FE6-4B25-8480-1C50C2DDB0B8}.Release|x86.Build.0 = Release|Win32
		{D11F5241-F381-4B61-996F-0BC514EBD50A}.Debug|x64.ActiveCfg = Debug|x64
		{D11F5241-F381-4B61-996F-0BC514EBD50A}.Debug|x64.Build.0 = Debug|x64
		{D11F5241-F381-4B61-996F-0BC514EBD50A}.Debug|x86.ActiveCfg = Debug|Win32
		{D11F5241-F381-4B61-996F-0BC514EBD50A}.Debug|x86.Build.0 = Debug|Win32
		{D11F5241-F381-4B61-996F-0BC514EBD50A}.Release|x64.ActiveCfg = Release|x64
		{D11F5241-F381-4B61-996F-0BC514EBD50A}.Release|x64.Build.0 = Release|x64
		{D11F5241-F381-4B61-996F-0BC514EBD50A}.Release|x86.ActiveCfg = Release|Win32
		{D11F5241-F381-4B61-996F-0BC514EBD50A}.Release|x86.Build.0 = Release|Win32
		{CB0D69D0-D653-47E5-A7B1-D2AFC5596086}.Debug|x64.ActiveCfg = Debug|x64
		{CB0D69D0-D653-47E5-A7B1-D2AFC5596086}.Debug|x64.Build.0 = Debug|x64
		{CB0D69D0-D653-47E5-A7B1-D2AFC5596086}.Debug|x86.ActiveCfg = Debug|Win32
		{CB0D69D0-D653-47E5-A7B1-D2AFC5596086}.Debug|x86.Build.0 = Debug|Win32
		{CB0D69D0-D653-47E5-A7B1-D2AFC5596086}.Release|x64.ActiveCfg = Release|x64
		{CB0D69D0-D653-47E5-A7B1-D2AFC5596086}.Release|x64.Build.0 = Release|x64
		{CB0D69D0-D653-47E5-A7B1-D2AFC5596086}.Release|x86.ActiveCfg = Release|Win32
		{CB0D69D0-D653-47E5-A7B1-D2AFC5596086}.Release|x86.Build.0 = Release|Win32
		{9E035C64-3035-442F-A45D-3F7CBE444CA6}.Debug|x64.ActiveCfg = Debug|x64
		{9E035C64-3035-442F-A45D-3F7CBE444CA6}.Debug|x64.Build.0 = Debug|x64
		{9E035C64-3035-442F-A45D-3F7CBE444CA6}.Debug|x86.ActiveCfg = Debug|Win32
		{9E035C64-3035-442F-A45D-3F7CBE444CA6}.Debug|x86.Build.0 = Debug|Win32
		{9E035C64-3035-442F-A45D-3F7CBE444CA6}.Release|x64.ActiveCfg = Release|x64
		{9E035C64-3035-442F-A45D-3F7CBE444CA6}.Release|x64.Build.0 = Release|x64
		{9E035C64-3035-442F-A45D-3F7CBE444CA6}.Release|x86.ActiveCfg = Release|Win32
		{9E035C64-3035-442F-A45D-3F7CBE444CA6}.Release|x86.Build.0 = Release|Win32
		{3BA1A5EE-E59D-43BB-B278-1E84458B1EE2}.Debug|x64.ActiveCfg = Debug|x64
		{3BA1A5EE-E59D-43BB-B278-1E84458B1EE2}.Debug|x64.Build.0 = Debug|x64
		{3BA1A5EE-E59D-43BB-B278-1E84458B1EE2}.Debug|x86.ActiveCfg = Debug|Win32
		{3BA1A5EE-E59D-43BB-B278-1E84458B1EE2}.Debug|x86.Build.0 = Debug|Win32
		{3BA1A5EE-E59D-43BB-B278-1E84458B1EE2}.Release|x64.ActiveCfg = Release|x64
		{3BA1A5EE-E59D-43BB-B278-1E84458B1EE2}.Release|x64.Build.0 = Release|x64
		{3BA1A5EE-E59D-43BB-B278-1E84458B1EE2}.Release|x86.ActiveCfg = Release|Win32
		{3BA1A5EE-E59D-43BB-B278-1E84458B1EE2}.Release|x86.Build.0 = Release|Win32
		{8F835F18-30B4-4789-B2DB-AFFEBEB69F13}.Debug|x64.ActiveCfg = Debug|x64
		{8F835F18-30B4-4789-B2DB-AFFEBEB69F13}.Debug|x64.Build.0 = Debug|x64
		{8F835F18-30B4-4789-B2DB-AFFEBEB69F13}.Debug|x86.ActiveCfg = Debug|Win32
		{8F835F18-30B4-4789-B2DB-AFFEBEB69F13}.Debug|x86.Build.0 = Debug|Win32
		{8F835F18-30B4-4789-B2DB-AFFEBEB69F13}.Release|x64.ActiveCfg = Release|x64
		{8F835F18-30B4-4789-B2DB-AFFEBEB69F13}.Release|x64.Build.0 = Release|x64
		{8F835F18-30B4-4789-B2DB-AFFEBEB69F13}.Release|x86.ActiveCfg = Release|Win32
		{8F835F18-30B4-4789-B2DB-AFFEBEB69F13}.Release|x86.Build.0 = Release|Win32
		{E5C90629-AA74-48A4-9621-26B7E31F085C}.Debug|x64.ActiveCfg = Debug|x64
		{E5C90629-AA74-48A4-9621-26B7E31F085C}.Debug|x64.Build.0 = Debug|x64
		{E5C90629-AA74-48A4-9621-26B7E31F085C}.Debug|x86.ActiveCfg = Debug|Win32
		{E5C90629-AA74-48A4-9621-26B7E31F085C}.Debug|x86.Build.0 = Debug|Win32
		{E5C90629-AA74-48A4-9621-26B7E31F085C}.Release|x64.ActiveCfg = Release|x64
		{E5C90629-AA74-48A4-9621-26B7E31F085C}.Release|x64.Build.0 = Release|x64
		{E5C90629-AA74-48A4-9621-26B7E31F085C}.Release|x86.ActiveCfg = Release|Win32
		{E5C90629-AA74-48A4-9621-26B7E31F085C}.Release|x86.Build.0 = Release|Win32
		{687CE6CA-74AB-4163-AE1A-8BB5FE125376}.Debug|x64.ActiveCfg = Debug|x64
		{687CE6CA-74AB-4163-AE1A-8BB5FE125376}.Debug|x64.Build.0 = Debug|x64
		{687CE6CA-74AB-4163-AE1A-8BB5FE125376}.Debug|x86.ActiveCfg = Debug|Win32
		{687CE6CA-74AB-4163-AE1A-8BB5FE125376}.Debug|x86.Build.0 = Debug|Win32
		{687CE6CA-74AB-4163-AE1A-8BB5FE125376}.Release|x64.ActiveCfg = Release|x64
		{687CE6CA-74AB-4163-AE1A-8BB5FE125376}.Release|x64.Build.0 = Release|x64
		{687CE6CA-74AB-4163-AE1A-8BB5FE125376}.Release|x86.ActiveCfg = Release|Win32
		{687CE6CA-74AB-4163-AE1A-8BB5FE125376}.Release|x86.Build.0 = Release|Win32
		{D1AF0354-F615-4E35-940F-3E44290762DA}.Debug|x64.ActiveCfg = Debug|x64
		{D1AF0354-F615-4E35-940F-3E44290762DA}.Debug|x64.Build.0 = Debug|x64
		{D1AF0354-F615-4E35-940F-3E44290762DA}.Debug|x86.ActiveCfg = Debug|Win32
		{D1AF0354-F615-4E35-940F-3E44290762DA}.Debug|x86.Build.0 = Debug|Win32
		{D1AF0354-F615-4E35-940F-3E44290762DA}.Release|x64.ActiveCfg = Release|x64
		{D1AF0354-F615-4E35-940F-3E44290762DA}.Release|x64.Build.0 = Release|x64
		{D1AF0354-F615-4E35-940F-3E44290762DA}.Release|x86.ActiveCfg = Release|Win32
		{D1AF0354-F615-4E35-940F-3E44290762DA}.Release|x86.Build.0 = Release|Win32
		{CBBCFE53-6812-4AB1-B014-07C2CA1AD637}.Debug|x64.ActiveCfg = Debug|x64
		{CBBCFE53-6812-4AB1-B014-07C2CA1AD637}.Debug|x64.Build.0 = Debug|x64
		{CBBCFE53-6812-4AB1-B014-07C2CA1AD637}.Debug|x86.ActiveCfg = Debug|Win32
		{CBBCFE53-6812-4AB1-B014-07C2CA1AD637}.Debug|x86.Build.0 = Debug|Win32
		{CBBCFE53-6812-4AB1-B014-07C2CA1AD637}.Release|x64.ActiveCfg = Release|x64
		{CBBCFE53-6812-4AB1-B014-07C2CA1AD637}.Release|x64.Build.0 = Release|x64
		{CBBCFE53-6812-4AB1-B014-07C2CA1AD637}.Release|x86.ActiveCfg = Release|Win32
		{CBBCFE53-6812-4AB1-B014-07C2CA1AD637}.Release|x86.Build.0 = Release|Win32
		{CEF1799E-37EA-4A3D-A8F6-91369AB34F28}.Debug|x64.ActiveCfg = Debug|x64
		{CEF1799E-37EA-4A3D-A8F6-91369AB34F28}.Debug|x64.Build.0 = Debug|x64
		{CEF1799E-37EA-4A3D-A8F6-91369AB34F28}.Debug|x86.ActiveCfg = Debug|Win32
		{CEF1799E-37EA-4A3D-A8F6-91369AB34F28}.Debug|x86.Build.0 = Debug|Win32
		{CEF1799E-37EA-4A3D-A8F6-91369AB34F28}.Release|x64.ActiveCfg = Release|x64
		{CEF1799E-37EA-4A3D-A8F6-91369AB34F28}.Release|x64.Build.0 = Release|x64
		{CEF1799E-37EA-4A3D-A8F6-91369AB34F28}.Release|x86.ActiveCfg = Release|Win32
		{CEF1799E-37EA-4A3D-A8F6-91369AB34F28}.Release|x86.Build.0 = Release|Win32
	EndGlobalSection
	GlobalSection(SolutionProperties) = preSolution
		HideSolutionNode = FALSE
	EndGlobalSection
EndGlobal
